{
  "requires": true,
  "lockfileVersion": 1,
  "dependencies": {
    "react-native-get-sms-android": {
      "version": "2.1.0",
      "resolved": "https://registry.npmjs.org/react-native-get-sms-android/-/react-native-get-sms-android-2.1.0.tgz",
      "integrity": "sha512-yYPlJ4DkuC9HnUL0ni644pDjRFnSQkdGHowIY5ab56YFDKHIEZ1rKuBCEbCWF0HALyvH6qCyfdHqwpzTtIj97w=="
    }
  }
}
